
Microsoft Visual Studio Solution File, Format Version 12.00
# Visual Studio Version 16
VisualStudioVersion = 16.0.31729.503
MinimumVisualStudioVersion = 10.0.40219.1
Project("{FAE04EC0-301F-11D3-BF4B-00C04F79EFBC}") = "LeagueVsLegion", "LeagueVsLegion.csproj", "{48E0326C-8CE2-4170-AACE-BE20B3B55540}"
EndProject
Global
	GlobalSection(SolutionConfigurationPlatforms) = preSolution
		Debug|Any CPU = Debug|Any CPU
		Release|Any CPU = Release|Any CPU
	EndGlobalSection
	GlobalSection(ProjectConfigurationPlatforms) = postSolution
		{48E0326C-8CE2-4170-AACE-BE20B3B55540}.Debug|Any CPU.ActiveCfg = Debug|Any CPU
		{48E0326C-8CE2-4170-AACE-BE20B3B55540}.Debug|Any CPU.Build.0 = Debug|Any CPU
		{48E0326C-8CE2-4170-AACE-BE20B3B55540}.Release|Any CPU.ActiveCfg = Release|Any CPU
		{48E0326C-8CE2-4170-AACE-BE20B3B55540}.Release|Any CPU.Build.0 = Release|Any CPU
	EndGlobalSection
	GlobalSection(SolutionProperties) = preSolution
		HideSolutionNode = FALSE
	EndGlobalSection
	GlobalSection(ExtensibilityGlobals) = postSolution
		SolutionGuid = {E2B74FF2-6D00-4AF1-853E-1EE8C2B3D41B}
	EndGlobalSection
EndGlobal
